// !$*UTF8*$!
{
	archiveVersion = 1;
	classes = {
	};
	objectVersion = 56;
	objects = {

/* Begin PBXBuildFile section */
		020EAC652DEDC30400E39316 /* UrgentNeedView.swift in Sources */ = {isa = PBXBuildFile; fileRef = 020EAC642DEDC30400E39316 /* UrgentNeedView.swift */; };
		0215C3522DEDA82C0088F2AB /* Notification Page.swift in Sources */ = {isa = PBXBuildFile; fileRef = 0215C3512DEDA82C0088F2AB /* Notification Page.swift */; };
		0215C3542DEDAAB70088F2AB /* Chat Page.swift in Sources */ = {isa = PBXBuildFile; fileRef = 0215C3532DEDAAB70088F2AB /* Chat Page.swift */; };
		02337D0F2DF16D43009EAE18 /* LoaderPage.swift in Sources */ = {isa = PBXBuildFile; fileRef = 02337D0E2DF16D43009EAE18 /* LoaderPage.swift */; };
		02827CE82DED81C400916C33 /* ProfileView.swift in Sources */ = {isa = PBXBuildFile; fileRef = 02827CE72DED81C400916C33 /* ProfileView.swift */; };
		02837DCF2DE9CB4300FE2968 /* DonationDetailView.swift in Sources */ = {isa = PBXBuildFile; fileRef = 02837DCE2DE9CB4300FE2968 /* DonationDetailView.swift */; };
		028609362DE84221006ED627 /* HomeSlider.swift in Sources */ = {isa = PBXBuildFile; fileRef = 028609352DE84221006ED627 /* HomeSlider.swift */; };
		028609382DE842A8006ED627 /* HomeFilter.swift in Sources */ = {isa = PBXBuildFile; fileRef = 028609372DE842A8006ED627 /* HomeFilter.swift */; };
		0286093A2DE86280006ED627 /* Model.swift in Sources */ = {isa = PBXBuildFile; fileRef = 028609392DE86280006ED627 /* Model.swift */; };
		0286093C2DE86FC7006ED627 /* HomeSearchBar.swift in Sources */ = {isa = PBXBuildFile; fileRef = 0286093B2DE86FC7006ED627 /* HomeSearchBar.swift */; };
		0286093E2DE8A034006ED627 /* HomeTopDonners.swift in Sources */ = {isa = PBXBuildFile; fileRef = 0286093D2DE8A034006ED627 /* HomeTopDonners.swift */; };
		02895E3C2DE96FE30010640D /* TopRecipient.swift in Sources */ = {isa = PBXBuildFile; fileRef = 02895E3B2DE96FE30010640D /* TopRecipient.swift */; };
		028A3FAB2DED62EB00961C38 /* AllDonnerList.swift in Sources */ = {isa = PBXBuildFile; fileRef = 028A3FAA2DED62EB00961C38 /* AllDonnerList.swift */; };
		028A3FAD2DED735800961C38 /* AllRecipient.swift in Sources */ = {isa = PBXBuildFile; fileRef = 028A3FAC2DED735700961C38 /* AllRecipient.swift */; };
		028A3FAF2DED772B00961C38 /* RecentDonationAll.swift in Sources */ = {isa = PBXBuildFile; fileRef = 028A3FAE2DED772B00961C38 /* RecentDonationAll.swift */; };
		028B33382DE97768003247F2 /* HomeRecentsDonation.swift in Sources */ = {isa = PBXBuildFile; fileRef = 028B33372DE97768003247F2 /* HomeRecentsDonation.swift */; };
		028B333A2DE98323003247F2 /* HomeTestiMonial.swift in Sources */ = {isa = PBXBuildFile; fileRef = 028B33392DE98323003247F2 /* HomeTestiMonial.swift */; };
		0297A6572DE73A4F00F59902 /* Donet_SomethingApp.swift in Sources */ = {isa = PBXBuildFile; fileRef = 0297A6562DE73A4F00F59902 /* Donet_SomethingApp.swift */; };
		0297A6592DE73A4F00F59902 /* ContentView.swift in Sources */ = {isa = PBXBuildFile; fileRef = 0297A6582DE73A4F00F59902 /* ContentView.swift */; };
		0297A65B2DE73A5200F59902 /* Assets.xcassets in Resources */ = {isa = PBXBuildFile; fileRef = 0297A65A2DE73A5200F59902 /* Assets.xcassets */; };
		0297A65E2DE73A5200F59902 /* Preview Assets.xcassets in Resources */ = {isa = PBXBuildFile; fileRef = 0297A65D2DE73A5200F59902 /* Preview Assets.xcassets */; };
/* End PBXBuildFile section */

/* Begin PBXFileReference section */
		020EAC642DEDC30400E39316 /* UrgentNeedView.swift */ = {isa = PBXFileReference; lastKnownFileType = sourcecode.swift; path = UrgentNeedView.swift; sourceTree = "<group>"; };
		0215C3512DEDA82C0088F2AB /* Notification Page.swift */ = {isa = PBXFileReference; lastKnownFileType = sourcecode.swift; path = "Notification Page.swift"; sourceTree = "<group>"; };
		0215C3532DEDAAB70088F2AB /* Chat Page.swift */ = {isa = PBXFileReference; lastKnownFileType = sourcecode.swift; path = "Chat Page.swift"; sourceTree = "<group>"; };
		02337D0E2DF16D43009EAE18 /* LoaderPage.swift */ = {isa = PBXFileReference; lastKnownFileType = sourcecode.swift; path = LoaderPage.swift; sourceTree = "<group>"; };
		02827CE72DED81C400916C33 /* ProfileView.swift */ = {isa = PBXFileReference; lastKnownFileType = sourcecode.swift; path = ProfileView.swift; sourceTree = "<group>"; };
		02837DCE2DE9CB4300FE2968 /* DonationDetailView.swift */ = {isa = PBXFileReference; lastKnownFileType = sourcecode.swift; path = DonationDetailView.swift; sourceTree = "<group>"; };
		028609352DE84221006ED627 /* HomeSlider.swift */ = {isa = PBXFileReference; lastKnownFileType = sourcecode.swift; path = HomeSlider.swift; sourceTree = "<group>"; };
		028609372DE842A8006ED627 /* HomeFilter.swift */ = {isa = PBXFileReference; lastKnownFileType = sourcecode.swift; path = HomeFilter.swift; sourceTree = "<group>"; };
		028609392DE86280006ED627 /* Model.swift */ = {isa = PBXFileReference; lastKnownFileType = sourcecode.swift; path = Model.swift; sourceTree = "<group>"; };
		0286093B2DE86FC7006ED627 /* HomeSearchBar.swift */ = {isa = PBXFileReference; lastKnownFileType = sourcecode.swift; path = HomeSearchBar.swift; sourceTree = "<group>"; };
		0286093D2DE8A034006ED627 /* HomeTopDonners.swift */ = {isa = PBXFileReference; lastKnownFileType = sourcecode.swift; path = HomeTopDonners.swift; sourceTree = "<group>"; };
		02895E3B2DE96FE30010640D /* TopRecipient.swift */ = {isa = PBXFileReference; lastKnownFileType = sourcecode.swift; path = TopRecipient.swift; sourceTree = "<group>"; };
		028A3FAA2DED62EB00961C38 /* AllDonnerList.swift */ = {isa = PBXFileReference; lastKnownFileType = sourcecode.swift; path = AllDonnerList.swift; sourceTree = "<group>"; };
		028A3FAC2DED735700961C38 /* AllRecipient.swift */ = {isa = PBXFileReference; lastKnownFileType = sourcecode.swift; path = AllRecipient.swift; sourceTree = "<group>"; };
		028A3FAE2DED772B00961C38 /* RecentDonationAll.swift */ = {isa = PBXFileReference; lastKnownFileType = sourcecode.swift; path = RecentDonationAll.swift; sourceTree = "<group>"; };
		028B33372DE97768003247F2 /* HomeRecentsDonation.swift */ = {isa = PBXFileReference; lastKnownFileType = sourcecode.swift; path = HomeRecentsDonation.swift; sourceTree = "<group>"; };
		028B33392DE98323003247F2 /* HomeTestiMonial.swift */ = {isa = PBXFileReference; lastKnownFileType = sourcecode.swift; path = HomeTestiMonial.swift; sourceTree = "<group>"; };
		0297A6532DE73A4F00F59902 /* Donet Something.app */ = {isa = PBXFileReference; explicitFileType = wrapper.application; includeInIndex = 0; path = "Donet Something.app"; sourceTree = BUILT_PRODUCTS_DIR; };
		0297A6562DE73A4F00F59902 /* Donet_SomethingApp.swift */ = {isa = PBXFileReference; lastKnownFileType = sourcecode.swift; path = Donet_SomethingApp.swift; sourceTree = "<group>"; };
		0297A6582DE73A4F00F59902 /* ContentView.swift */ = {isa = PBXFileReference; lastKnownFileType = sourcecode.swift; path = ContentView.swift; sourceTree = "<group>"; };
		0297A65A2DE73A5200F59902 /* Assets.xcassets */ = {isa = PBXFileReference; lastKnownFileType = folder.assetcatalog; path = Assets.xcassets; sourceTree = "<group>"; };
		0297A65D2DE73A5200F59902 /* Preview Assets.xcassets */ = {isa = PBXFileReference; lastKnownFileType = folder.assetcatalog; path = "Preview Assets.xcassets"; sourceTree = "<group>"; };
/* End PBXFileReference section */

/* Begin PBXFrameworksBuildPhase section */
		0297A6502DE73A4F00F59902 /* Frameworks */ = {
			isa = PBXFrameworksBuildPhase;
			buildActionMask = 2147483647;
			files = (
			);
			runOnlyForDeploymentPostprocessing = 0;
		};
/* End PBXFrameworksBuildPhase section */

/* Begin PBXGroup section */
		0297A64A2DE73A4F00F59902 = {
			isa = PBXGroup;
			children = (
				0297A6552DE73A4F00F59902 /* Donet Something */,
				0297A6542DE73A4F00F59902 /* Products */,
			);
			sourceTree = "<group>";
		};
		0297A6542DE73A4F00F59902 /* Products */ = {
			isa = PBXGroup;
			children = (
				0297A6532DE73A4F00F59902 /* Donet Something.app */,
			);
			name = Products;
			sourceTree = "<group>";
		};
		0297A6552DE73A4F00F59902 /* Donet Something */ = {
			isa = PBXGroup;
			children = (
				0297A6562DE73A4F00F59902 /* Donet_SomethingApp.swift */,
				0297A6582DE73A4F00F59902 /* ContentView.swift */,
				020EAC642DEDC30400E39316 /* UrgentNeedView.swift */,
				0215C3512DEDA82C0088F2AB /* Notification Page.swift */,
				0215C3532DEDAAB70088F2AB /* Chat Page.swift */,
				02827CE72DED81C400916C33 /* ProfileView.swift */,
				028A3FAE2DED772B00961C38 /* RecentDonationAll.swift */,
				028B33392DE98323003247F2 /* HomeTestiMonial.swift */,
				028B33372DE97768003247F2 /* HomeRecentsDonation.swift */,
				02895E3B2DE96FE30010640D /* TopRecipient.swift */,
				0286093D2DE8A034006ED627 /* HomeTopDonners.swift */,
				028A3FAA2DED62EB00961C38 /* AllDonnerList.swift */,
				028A3FAC2DED735700961C38 /* AllRecipient.swift */,
				0286093B2DE86FC7006ED627 /* HomeSearchBar.swift */,
				028609372DE842A8006ED627 /* HomeFilter.swift */,
				02837DCE2DE9CB4300FE2968 /* DonationDetailView.swift */,
				028609392DE86280006ED627 /* Model.swift */,
				028609352DE84221006ED627 /* HomeSlider.swift */,
				0297A65A2DE73A5200F59902 /* Assets.xcassets */,
				02337D0E2DF16D43009EAE18 /* LoaderPage.swift */,
				0297A65C2DE73A5200F59902 /* Preview Content */,
			);
			path = "Donet Something";
			sourceTree = "<group>";
		};
		0297A65C2DE73A5200F59902 /* Preview Content */ = {
			isa = PBXGroup;
			children = (
				0297A65D2DE73A5200F59902 /* Preview Assets.xcassets */,
			);
			path = "Preview Content";
			sourceTree = "<group>";
		};
/* End PBXGroup section */

/* Begin PBXNativeTarget section */
		0297A6522DE73A4F00F59902 /* Donet Something */ = {
			isa = PBXNativeTarget;
			buildConfigurationList = 0297A6612DE73A5200F59902 /* Build configuration list for PBXNativeTarget "Donet Something" */;
			buildPhases = (
				0297A64F2DE73A4F00F59902 /* Sources */,
				0297A6502DE73A4F00F59902 /* Frameworks */,
				0297A6512DE73A4F00F59902 /* Resources */,
			);
			buildRules = (
			);
			dependencies = (
			);
			name = "Donet Something";
			productName = "Donet Something";
			productReference = 0297A6532DE73A4F00F59902 /* Donet Something.app */;
			productType = "com.apple.product-type.application";
		};
/* End PBXNativeTarget section */

/* Begin PBXProject section */
		0297A64B2DE73A4F00F59902 /* Project object */ = {
			isa = PBXProject;
			attributes = {
				BuildIndependentTargetsInParallel = 1;
				LastSwiftUpdateCheck = 1420;
				LastUpgradeCheck = 1420;
				TargetAttributes = {
					0297A6522DE73A4F00F59902 = {
						CreatedOnToolsVersion = 14.2;
					};
				};
			};
			buildConfigurationList = 0297A64E2DE73A4F00F59902 /* Build configuration list for PBXProject "Donet Something" */;
			compatibilityVersion = "Xcode 14.0";
			developmentRegion = en;
			hasScannedForEncodings = 0;
			knownRegions = (
				en,
				Base,
			);
			mainGroup = 0297A64A2DE73A4F00F59902;
			productRefGroup = 0297A6542DE73A4F00F59902 /* Products */;
			projectDirPath = "";
			projectRoot = "";
			targets = (
				0297A6522DE73A4F00F59902 /* Donet Something */,
			);
		};
/* End PBXProject section */

/* Begin PBXResourcesBuildPhase section */
		0297A6512DE73A4F00F59902 /* Resources */ = {
			isa = PBXResourcesBuildPhase;
			buildActionMask = 2147483647;
			files = (
				0297A65E2DE73A5200F59902 /* Preview Assets.xcassets in Resources */,
				0297A65B2DE73A5200F59902 /* Assets.xcassets in Resources */,
			);
			runOnlyForDeploymentPostprocessing = 0;
		};
/* End PBXResourcesBuildPhase section */

/* Begin PBXSourcesBuildPhase section */
		0297A64F2DE73A4F00F59902 /* Sources */ = {
			isa = PBXSourcesBuildPhase;
			buildActionMask = 2147483647;
			files = (
				0286093A2DE86280006ED627 /* Model.swift in Sources */,
				0297A6592DE73A4F00F59902 /* ContentView.swift in Sources */,
				0297A6572DE73A4F00F59902 /* Donet_SomethingApp.swift in Sources */,
				02895E3C2DE96FE30010640D /* TopRecipient.swift in Sources */,
				028A3FAF2DED772B00961C38 /* RecentDonationAll.swift in Sources */,
				02837DCF2DE9CB4300FE2968 /* DonationDetailView.swift in Sources */,
				0215C3522DEDA82C0088F2AB /* Notification Page.swift in Sources */,
				028A3FAB2DED62EB00961C38 /* AllDonnerList.swift in Sources */,
				0215C3542DEDAAB70088F2AB /* Chat Page.swift in Sources */,
				020EAC652DEDC30400E39316 /* UrgentNeedView.swift in Sources */,
				02827CE82DED81C400916C33 /* ProfileView.swift in Sources */,
				028A3FAD2DED735800961C38 /* AllRecipient.swift in Sources */,
				028B333A2DE98323003247F2 /* HomeTestiMonial.swift in Sources */,
				028B33382DE97768003247F2 /* HomeRecentsDonation.swift in Sources */,
				028609382DE842A8006ED627 /* HomeFilter.swift in Sources */,
				0286093E2DE8A034006ED627 /* HomeTopDonners.swift in Sources */,
				0286093C2DE86FC7006ED627 /* HomeSearchBar.swift in Sources */,
				028609362DE84221006ED627 /* HomeSlider.swift in Sources */,
				02337D0F2DF16D43009EAE18 /* LoaderPage.swift in Sources */,
			);
			runOnlyForDeploymentPostprocessing = 0;
		};
/* End PBXSourcesBuildPhase section */

/* Begin XCBuildConfiguration section */
		0297A65F2DE73A5200F59902 /* Debug */ = {
			isa = XCBuildConfiguration;
			buildSettings = {
				ALWAYS_SEARCH_USER_PATHS = NO;
				CLANG_ANALYZER_NONNULL = YES;
				CLANG_ANALYZER_NUMBER_OBJECT_CONVERSION = YES_AGGRESSIVE;
				CLANG_CXX_LANGUAGE_STANDARD = "gnu++20";
				CLANG_ENABLE_MODULES = YES;
				CLANG_ENABLE_OBJC_ARC = YES;
				CLANG_ENABLE_OBJC_WEAK = YES;
				CLANG_WARN_BLOCK_CAPTURE_AUTORELEASING = YES;
				CLANG_WARN_BOOL_CONVERSION = YES;
				CLANG_WARN_COMMA = YES;
				CLANG_WARN_CONSTANT_CONVERSION = YES;
				CLANG_WARN_DEPRECATED_OBJC_IMPLEMENTATIONS = YES;
				CLANG_WARN_DIRECT_OBJC_ISA_USAGE = YES_ERROR;
				CLANG_WARN_DOCUMENTATION_COMMENTS = YES;
				CLANG_WARN_EMPTY_BODY = YES;
				CLANG_WARN_ENUM_CONVERSION = YES;
				CLANG_WARN_INFINITE_RECURSION = YES;
				CLANG_WARN_INT_CONVERSION = YES;
				CLANG_WARN_NON_LITERAL_NULL_CONVERSION = YES;
				CLANG_WARN_OBJC_IMPLICIT_RETAIN_SELF = YES;
				CLANG_WARN_OBJC_LITERAL_CONVERSION = YES;
				CLANG_WARN_OBJC_ROOT_CLASS = YES_ERROR;
				CLANG_WARN_QUOTED_INCLUDE_IN_FRAMEWORK_HEADER = YES;
				CLANG_WARN_RANGE_LOOP_ANALYSIS = YES;
				CLANG_WARN_STRICT_PROTOTYPES = YES;
				CLANG_WARN_SUSPICIOUS_MOVE = YES;
				CLANG_WARN_UNGUARDED_AVAILABILITY = YES_AGGRESSIVE;
				CLANG_WARN_UNREACHABLE_CODE = YES;
				CLANG_WARN__DUPLICATE_METHOD_MATCH = YES;
				COPY_PHASE_STRIP = NO;
				DEBUG_INFORMATION_FORMAT = dwarf;
				ENABLE_STRICT_OBJC_MSGSEND = YES;
				ENABLE_TESTABILITY = YES;
				GCC_C_LANGUAGE_STANDARD = gnu11;
				GCC_DYNAMIC_NO_PIC = NO;
				GCC_NO_COMMON_BLOCKS = YES;
				GCC_OPTIMIZATION_LEVEL = 0;
				GCC_PREPROCESSOR_DEFINITIONS = (
					"DEBUG=1",
					"$(inherited)",
				);
				GCC_WARN_64_TO_32_BIT_CONVERSION = YES;
				GCC_WARN_ABOUT_RETURN_TYPE = YES_ERROR;
				GCC_WARN_UNDECLARED_SELECTOR = YES;
				GCC_WARN_UNINITIALIZED_AUTOS = YES_AGGRESSIVE;
				GCC_WARN_UNUSED_FUNCTION = YES;
				GCC_WARN_UNUSED_VARIABLE = YES;
				IPHONEOS_DEPLOYMENT_TARGET = 16.2;
				MTL_ENABLE_DEBUG_INFO = INCLUDE_SOURCE;
				MTL_FAST_MATH = YES;
				ONLY_ACTIVE_ARCH = YES;
				SDKROOT = iphoneos;
				SWIFT_ACTIVE_COMPILATION_CONDITIONS = DEBUG;
				SWIFT_OPTIMIZATION_LEVEL = "-Onone";
			};
			name = Debug;
		};
		0297A6602DE73A5200F59902 /* Release */ = {
			isa = XCBuildConfiguration;
			buildSettings = {
				ALWAYS_SEARCH_USER_PATHS = NO;
				CLANG_ANALYZER_NONNULL = YES;
				CLANG_ANALYZER_NUMBER_OBJECT_CONVERSION = YES_AGGRESSIVE;
				CLANG_CXX_LANGUAGE_STANDARD = "gnu++20";
				CLANG_ENABLE_MODULES = YES;
				CLANG_ENABLE_OBJC_ARC = YES;
				CLANG_ENABLE_OBJC_WEAK = YES;
				CLANG_WARN_BLOCK_CAPTURE_AUTORELEASING = YES;
				CLANG_WARN_BOOL_CONVERSION = YES;
				CLANG_WARN_COMMA = YES;
				CLANG_WARN_CONSTANT_CONVERSION = YES;
				CLANG_WARN_DEPRECATED_OBJC_IMPLEMENTATIONS = YES;
				CLANG_WARN_DIRECT_OBJC_ISA_USAGE = YES_ERROR;
				CLANG_WARN_DOCUMENTATION_COMMENTS = YES;
				CLANG_WARN_EMPTY_BODY = YES;
				CLANG_WARN_ENUM_CONVERSION = YES;
				CLANG_WARN_INFINITE_RECURSION = YES;
				CLANG_WARN_INT_CONVERSION = YES;
				CLANG_WARN_NON_LITERAL_NULL_CONVERSION = YES;
				CLANG_WARN_OBJC_IMPLICIT_RETAIN_SELF = YES;
				CLANG_WARN_OBJC_LITERAL_CONVERSION = YES;
				CLANG_WARN_OBJC_ROOT_CLASS = YES_ERROR;
				CLANG_WARN_QUOTED_INCLUDE_IN_FRAMEWORK_HEADER = YES;
				CLANG_WARN_RANGE_LOOP_ANALYSIS = YES;
				CLANG_WARN_STRICT_PROTOTYPES = YES;
				CLANG_WARN_SUSPICIOUS_MOVE = YES;
				CLANG_WARN_UNGUARDED_AVAILABILITY = YES_AGGRESSIVE;
				CLANG_WARN_UNREACHABLE_CODE = YES;
				CLANG_WARN__DUPLICATE_METHOD_MATCH = YES;
				COPY_PHASE_STRIP = NO;
				DEBUG_INFORMATION_FORMAT = "dwarf-with-dsym";
				ENABLE_NS_ASSERTIONS = NO;
				ENABLE_STRICT_OBJC_MSGSEND = YES;
				GCC_C_LANGUAGE_STANDARD = gnu11;
				GCC_NO_COMMON_BLOCKS = YES;
				GCC_WARN_64_TO_32_BIT_CONVERSION = YES;
				GCC_WARN_ABOUT_RETURN_TYPE = YES_ERROR;
				GCC_WARN_UNDECLARED_SELECTOR = YES;
				GCC_WARN_UNINITIALIZED_AUTOS = YES_AGGRESSIVE;
				GCC_WARN_UNUSED_FUNCTION = YES;
				GCC_WARN_UNUSED_VARIABLE = YES;
				IPHONEOS_DEPLOYMENT_TARGET = 16.2;
				MTL_ENABLE_DEBUG_INFO = NO;
				MTL_FAST_MATH = YES;
				SDKROOT = iphoneos;
				SWIFT_COMPILATION_MODE = wholemodule;
				SWIFT_OPTIMIZATION_LEVEL = "-O";
				VALIDATE_PRODUCT = YES;
			};
			name = Release;
		};
		0297A6622DE73A5200F59902 /* Debug */ = {
			isa = XCBuildConfiguration;
			buildSettings = {
				ASSETCATALOG_COMPILER_APPICON_NAME = AppIcon;
				ASSETCATALOG_COMPILER_GLOBAL_ACCENT_COLOR_NAME = AccentColor;
				CODE_SIGN_STYLE = Automatic;
				CURRENT_PROJECT_VERSION = 1;
				DEVELOPMENT_ASSET_PATHS = "\"Donet Something/Preview Content\"";
				DEVELOPMENT_TEAM = 3EGXVN72T4;
				ENABLE_PREVIEWS = YES;
				GENERATE_INFOPLIST_FILE = YES;
				INFOPLIST_KEY_UIApplicationSceneManifest_Generation = YES;
				INFOPLIST_KEY_UIApplicationSupportsIndirectInputEvents = YES;
				INFOPLIST_KEY_UILaunchScreen_Generation = YES;
				INFOPLIST_KEY_UISupportedInterfaceOrientations_iPad = "UIInterfaceOrientationPortrait UIInterfaceOrientationPortraitUpsideDown UIInterfaceOrientationLandscapeLeft UIInterfaceOrientationLandscapeRight";
				INFOPLIST_KEY_UISupportedInterfaceOrientations_iPhone = "UIInterfaceOrientationPortrait UIInterfaceOrientationLandscapeLeft UIInterfaceOrientationLandscapeRight";
				LD_RUNPATH_SEARCH_PATHS = (
					"$(inherited)",
					"@executable_path/Frameworks",
				);
				MARKETING_VERSION = 1.0;
				PRODUCT_BUNDLE_IDENTIFIER = "com.iphtech.Donet-Something";
				PRODUCT_NAME = "$(TARGET_NAME)";
				SWIFT_EMIT_LOC_STRINGS = YES;
				SWIFT_VERSION = 5.0;
				TARGETED_DEVICE_FAMILY = "1,2";
			};
			name = Debug;
		};
		0297A6632DE73A5200F59902 /* Release */ = {
			isa = XCBuildConfiguration;
			buildSettings = {
				ASSETCATALOG_COMPILER_APPICON_NAME = AppIcon;
				ASSETCATALOG_COMPILER_GLOBAL_ACCENT_COLOR_NAME = AccentColor;
				CODE_SIGN_STYLE = Automatic;
				CURRENT_PROJECT_VERSION = 1;
				DEVELOPMENT_ASSET_PATHS = "\"Donet Something/Preview Content\"";
				DEVELOPMENT_TEAM = 3EGXVN72T4;
				ENABLE_PREVIEWS = YES;
				GENERATE_INFOPLIST_FILE = YES;
				INFOPLIST_KEY_UIApplicationSceneManifest_Generation = YES;
				INFOPLIST_KEY_UIApplicationSupportsIndirectInputEvents = YES;
				INFOPLIST_KEY_UILaunchScreen_Generation = YES;
				INFOPLIST_KEY_UISupportedInterfaceOrientations_iPad = "UIInterfaceOrientationPortrait UIInterfaceOrientationPortraitUpsideDown UIInterfaceOrientationLandscapeLeft UIInterfaceOrientationLandscapeRight";
				INFOPLIST_KEY_UISupportedInterfaceOrientations_iPhone = "UIInterfaceOrientationPortrait UIInterfaceOrientationLandscapeLeft UIInterfaceOrientationLandscapeRight";
				LD_RUNPATH_SEARCH_PATHS = (
					"$(inherited)",
					"@executable_path/Frameworks",
				);
				MARKETING_VERSION = 1.0;
				PRODUCT_BUNDLE_IDENTIFIER = "com.iphtech.Donet-Something";
				PRODUCT_NAME = "$(TARGET_NAME)";
				SWIFT_EMIT_LOC_STRINGS = YES;
				SWIFT_VERSION = 5.0;
				TARGETED_DEVICE_FAMILY = "1,2";
			};
			name = Release;
		};
/* End XCBuildConfiguration section */

/* Begin XCConfigurationList section */
		0297A64E2DE73A4F00F59902 /* Build configuration list for PBXProject "Donet Something" */ = {
			isa = XCConfigurationList;
			buildConfigurations = (
				0297A65F2DE73A5200F59902 /* Debug */,
				0297A6602DE73A5200F59902 /* Release */,
			);
			defaultConfigurationIsVisible = 0;
			defaultConfigurationName = Release;
		};
		0297A6612DE73A5200F59902 /* Build configuration list for PBXNativeTarget "Donet Something" */ = {
			isa = XCConfigurationList;
			buildConfigurations = (
				0297A6622DE73A5200F59902 /* Debug */,
				0297A6632DE73A5200F59902 /* Release */,
			);
			defaultConfigurationIsVisible = 0;
			defaultConfigurationName = Release;
		};
/* End XCConfigurationList section */
	};
	rootObject = 0297A64B2DE73A4F00F59902 /* Project object */;
}
